// !$*UTF8*$!
{
	archiveVersion = 1;
	classes = {
	};
	objectVersion = 46;
	objects = {

/* Begin PBXBuildFile section */
		545DACC916021B2D0066EFBB /* OpenGLES.framework in Frameworks */ = {isa = PBXBuildFile; fileRef = 545DACC816021B2D0066EFBB /* OpenGLES.framework */; };
		545DACCB16021B360066EFBB /* GLKit.framework in Frameworks */ = {isa = PBXBuildFile; fileRef = 545DACCA16021B360066EFBB /* GLKit.framework */; };
		545DACCD16021B420066EFBB /* QuartzCore.framework in Frameworks */ = {isa = PBXBuildFile; fileRef = 545DACCC16021B420066EFBB /* QuartzCore.framework */; };
		54A9001D163DB71200B9CDA8 /* CoreImage.framework in Frameworks */ = {isa = PBXBuildFile; fileRef = 54A9001C163DB71100B9CDA8 /* CoreImage.framework */; };
		54CCD02816E362C700B4F1D8 /* Accelerate.framework in Frameworks */ = {isa = PBXBuildFile; fileRef = 54CCD02716E362C700B4F1D8 /* Accelerate.framework */; };
		54CCD02A16E362E700B4F1D8 /* SystemConfiguration.framework in Frameworks */ = {isa = PBXBuildFile; fileRef = 54CCD02916E362E700B4F1D8 /* SystemConfiguration.framework */; };
		54CCD02F16E3799000B4F1D8 /* MainViewController.xib in Resources */ = {isa = PBXBuildFile; fileRef = 54CCD02D16E3799000B4F1D8 /* MainViewController.xib */; };
		54CCD03D16E379A200B4F1D8 /* MHRotaryKnob.m in Sources */ = {isa = PBXBuildFile; fileRef = 54CCD03316E379A200B4F1D8 /* MHRotaryKnob.m */; settings = {COMPILER_FLAGS = "-fno-objc-arc"; }; };
		54CCD03E16E379A200B4F1D8 /* OLGhostAlertView.m in Sources */ = {isa = PBXBuildFile; fileRef = 54CCD03616E379A200B4F1D8 /* OLGhostAlertView.m */; settings = {COMPILER_FLAGS = "-fno-objc-arc"; }; };
		54CCD03F16E379A200B4F1D8 /* Reachability.m in Sources */ = {isa = PBXBuildFile; fileRef = 54CCD03916E379A200B4F1D8 /* Reachability.m */; settings = {COMPILER_FLAGS = "-fno-objc-arc"; }; };
		54CCD04016E379A200B4F1D8 /* RNBlurModalView.m in Sources */ = {isa = PBXBuildFile; fileRef = 54CCD03C16E379A200B4F1D8 /* RNBlurModalView.m */; settings = {COMPILER_FLAGS = "-fno-objc-arc"; }; };
		54CCD05D16E379AC00B4F1D8 /* background-568.png in Resources */ = {isa = PBXBuildFile; fileRef = 54CCD04216E379AC00B4F1D8 /* background-568.png */; };
		54CCD05E16E379AC00B4F1D8 /* background.png in Resources */ = {isa = PBXBuildFile; fileRef = 54CCD04316E379AC00B4F1D8 /* background.png */; };
		54CCD05F16E379AC00B4F1D8 /* background@2x.png in Resources */ = {isa = PBXBuildFile; fileRef = 54CCD04416E379AC00B4F1D8 /* background@2x.png */; };
		54CCD06016E379AC00B4F1D8 /* Default-568h@2x.png in Resources */ = {isa = PBXBuildFile; fileRef = 54CCD04616E379AC00B4F1D8 /* Default-568h@2x.png */; };
		54CCD06116E379AC00B4F1D8 /* Default.png in Resources */ = {isa = PBXBuildFile; fileRef = 54CCD04716E379AC00B4F1D8 /* Default.png */; };
		54CCD06216E379AC00B4F1D8 /* Default@2x.png in Resources */ = {isa = PBXBuildFile; fileRef = 54CCD04816E379AC00B4F1D8 /* Default@2x.png */; };
		54CCD06316E379AC00B4F1D8 /* dial-knob-bkg.png in Resources */ = {isa = PBXBuildFile; fileRef = 54CCD04916E379AC00B4F1D8 /* dial-knob-bkg.png */; };
		54CCD06416E379AC00B4F1D8 /* dial-knob-bkg@2x.png in Resources */ = {isa = PBXBuildFile; fileRef = 54CCD04A16E379AC00B4F1D8 /* dial-knob-bkg@2x.png */; };
		54CCD06516E379AC00B4F1D8 /* dial-knob-closed.png in Resources */ = {isa = PBXBuildFile; fileRef = 54CCD04B16E379AC00B4F1D8 /* dial-knob-closed.png */; };
		54CCD06616E379AC00B4F1D8 /* dial-knob-closed@2x.png in Resources */ = {isa = PBXBuildFile; fileRef = 54CCD04C16E379AC00B4F1D8 /* dial-knob-closed@2x.png */; };
		54CCD06716E379AC00B4F1D8 /* dial-knob-rotator.png in Resources */ = {isa = PBXBuildFile; fileRef = 54CCD04D16E379AC00B4F1D8 /* dial-knob-rotator.png */; };
		54CCD06816E379AC00B4F1D8 /* dial-knob-rotator@2x.png in Resources */ = {isa = PBXBuildFile; fileRef = 54CCD04E16E379AC00B4F1D8 /* dial-knob-rotator@2x.png */; };
		54CCD06916E379AC00B4F1D8 /* dial-knob-shadow.png in Resources */ = {isa = PBXBuildFile; fileRef = 54CCD04F16E379AC00B4F1D8 /* dial-knob-shadow.png */; };
		54CCD06A16E379AC00B4F1D8 /* dial-knob-shadow@2x.png in Resources */ = {isa = PBXBuildFile; fileRef = 54CCD05016E379AC00B4F1D8 /* dial-knob-shadow@2x.png */; };
		54CCD06B16E379AC00B4F1D8 /* dial-knob.png in Resources */ = {isa = PBXBuildFile; fileRef = 54CCD05116E379AC00B4F1D8 /* dial-knob.png */; };
		54CCD06C16E379AC00B4F1D8 /* dial-knob@2x copy.png in Resources */ = {isa = PBXBuildFile; fileRef = 54CCD05216E379AC00B4F1D8 /* dial-knob@2x copy.png */; };
		54CCD06D16E379AC00B4F1D8 /* dial-knob@2x.png in Resources */ = {isa = PBXBuildFile; fileRef = 54CCD05316E379AC00B4F1D8 /* dial-knob@2x.png */; };
		54CCD06E16E379AC00B4F1D8 /* Icon-72.png in Resources */ = {isa = PBXBuildFile; fileRef = 54CCD05516E379AC00B4F1D8 /* Icon-72.png */; };
		54CCD06F16E379AC00B4F1D8 /* Icon-Small-50.png in Resources */ = {isa = PBXBuildFile; fileRef = 54CCD05616E379AC00B4F1D8 /* Icon-Small-50.png */; };
		54CCD07016E379AC00B4F1D8 /* Icon-Small.png in Resources */ = {isa = PBXBuildFile; fileRef = 54CCD05716E379AC00B4F1D8 /* Icon-Small.png */; };
		54CCD07116E379AC00B4F1D8 /* Icon-Small@2x.png in Resources */ = {isa = PBXBuildFile; fileRef = 54CCD05816E379AC00B4F1D8 /* Icon-Small@2x.png */; };
		54CCD07216E379AC00B4F1D8 /* Icon.png in Resources */ = {isa = PBXBuildFile; fileRef = 54CCD05916E379AC00B4F1D8 /* Icon.png */; };
		54CCD07316E379AC00B4F1D8 /* Icon@2x.png in Resources */ = {isa = PBXBuildFile; fileRef = 54CCD05A16E379AC00B4F1D8 /* Icon@2x.png */; };
		54CCD07416E379AC00B4F1D8 /* power.png in Resources */ = {isa = PBXBuildFile; fileRef = 54CCD05B16E379AC00B4F1D8 /* power.png */; };
		54CCD07516E379AC00B4F1D8 /* power@2x.png in Resources */ = {isa = PBXBuildFile; fileRef = 54CCD05C16E379AC00B4F1D8 /* power@2x.png */; };
		54DB98301557E21A000119C7 /* UIKit.framework in Frameworks */ = {isa = PBXBuildFile; fileRef = 54DB982F1557E21A000119C7 /* UIKit.framework */; };
		54DB98321557E21A000119C7 /* Foundation.framework in Frameworks */ = {isa = PBXBuildFile; fileRef = 54DB98311557E21A000119C7 /* Foundation.framework */; };
		54DB98341557E21A000119C7 /* CoreGraphics.framework in Frameworks */ = {isa = PBXBuildFile; fileRef = 54DB98331557E21A000119C7 /* CoreGraphics.framework */; };
		54DB983C1557E21B000119C7 /* main.m in Sources */ = {isa = PBXBuildFile; fileRef = 54DB983B1557E21B000119C7 /* main.m */; };
		54DB98401557E21B000119C7 /* AppDelegate.m in Sources */ = {isa = PBXBuildFile; fileRef = 54DB983F1557E21B000119C7 /* AppDelegate.m */; };
		54DB98431557E21B000119C7 /* MainViewController.m in Sources */ = {isa = PBXBuildFile; fileRef = 54DB98421557E21B000119C7 /* MainViewController.m */; };
		54DB984D1557E258000119C7 /* MediaPlayer.framework in Frameworks */ = {isa = PBXBuildFile; fileRef = 54DB984C1557E258000119C7 /* MediaPlayer.framework */; };
		54DB984F1557E9FE000119C7 /* AVFoundation.framework in Frameworks */ = {isa = PBXBuildFile; fileRef = 54DB984E1557E9FE000119C7 /* AVFoundation.framework */; };
/* End PBXBuildFile section */

/* Begin PBXFileReference section */
		545DACC816021B2D0066EFBB /* OpenGLES.framework */ = {isa = PBXFileReference; lastKnownFileType = wrapper.framework; name = OpenGLES.framework; path = System/Library/Frameworks/OpenGLES.framework; sourceTree = SDKROOT; };
		545DACCA16021B360066EFBB /* GLKit.framework */ = {isa = PBXFileReference; lastKnownFileType = wrapper.framework; name = GLKit.framework; path = System/Library/Frameworks/GLKit.framework; sourceTree = SDKROOT; };
		545DACCC16021B420066EFBB /* QuartzCore.framework */ = {isa = PBXFileReference; lastKnownFileType = wrapper.framework; name = QuartzCore.framework; path = System/Library/Frameworks/QuartzCore.framework; sourceTree = SDKROOT; };
		54A9001C163DB71100B9CDA8 /* CoreImage.framework */ = {isa = PBXFileReference; lastKnownFileType = wrapper.framework; name = CoreImage.framework; path = System/Library/Frameworks/CoreImage.framework; sourceTree = SDKROOT; };
		54CCD02716E362C700B4F1D8 /* Accelerate.framework */ = {isa = PBXFileReference; lastKnownFileType = wrapper.framework; name = Accelerate.framework; path = System/Library/Frameworks/Accelerate.framework; sourceTree = SDKROOT; };
		54CCD02916E362E700B4F1D8 /* SystemConfiguration.framework */ = {isa = PBXFileReference; lastKnownFileType = wrapper.framework; name = SystemConfiguration.framework; path = System/Library/Frameworks/SystemConfiguration.framework; sourceTree = SDKROOT; };
		54CCD02B16E3793C00B4F1D8 /* AppDelegate.h */ = {isa = PBXFileReference; lastKnownFileType = sourcecode.c.h; path = AppDelegate.h; sourceTree = "<group>"; };
		54CCD02C16E3798A00B4F1D8 /* MainViewController.h */ = {isa = PBXFileReference; lastKnownFileType = sourcecode.c.h; path = MainViewController.h; sourceTree = "<group>"; };
		54CCD02E16E3799000B4F1D8 /* en */ = {isa = PBXFileReference; lastKnownFileType = file.xib; name = en; path = en.lproj/MainViewController.xib; sourceTree = "<group>"; };
		54CCD03216E379A200B4F1D8 /* MHRotaryKnob.h */ = {isa = PBXFileReference; fileEncoding = 4; lastKnownFileType = sourcecode.c.h; path = MHRotaryKnob.h; sourceTree = "<group>"; };
		54CCD03316E379A200B4F1D8 /* MHRotaryKnob.m */ = {isa = PBXFileReference; fileEncoding = 4; lastKnownFileType = sourcecode.c.objc; path = MHRotaryKnob.m; sourceTree = "<group>"; };
		54CCD03516E379A200B4F1D8 /* OLGhostAlertView.h */ = {isa = PBXFileReference; fileEncoding = 4; lastKnownFileType = sourcecode.c.h; path = OLGhostAlertView.h; sourceTree = "<group>"; };
		54CCD03616E379A200B4F1D8 /* OLGhostAlertView.m */ = {isa = PBXFileReference; fileEncoding = 4; lastKnownFileType = sourcecode.c.objc; path = OLGhostAlertView.m; sourceTree = "<group>"; };
		54CCD03816E379A200B4F1D8 /* Reachability.h */ = {isa = PBXFileReference; fileEncoding = 4; lastKnownFileType = sourcecode.c.h; path = Reachability.h; sourceTree = "<group>"; };
		54CCD03916E379A200B4F1D8 /* Reachability.m */ = {isa = PBXFileReference; fileEncoding = 4; lastKnownFileType = sourcecode.c.objc; path = Reachability.m; sourceTree = "<group>"; };
		54CCD03B16E379A200B4F1D8 /* RNBlurModalView.h */ = {isa = PBXFileReference; fileEncoding = 4; lastKnownFileType = sourcecode.c.h; path = RNBlurModalView.h; sourceTree = "<group>"; };
		54CCD03C16E379A200B4F1D8 /* RNBlurModalView.m */ = {isa = PBXFileReference; fileEncoding = 4; lastKnownFileType = sourcecode.c.objc; path = RNBlurModalView.m; sourceTree = "<group>"; };
		54CCD04216E379AC00B4F1D8 /* background-568.png */ = {isa = PBXFileReference; lastKnownFileType = image.png; path = "background-568.png"; sourceTree = "<group>"; };
		54CCD04316E379AC00B4F1D8 /* background.png */ = {isa = PBXFileReference; lastKnownFileType = image.png; path = background.png; sourceTree = "<group>"; };
		54CCD04416E379AC00B4F1D8 /* background@2x.png */ = {isa = PBXFileReference; lastKnownFileType = image.png; path = "background@2x.png"; sourceTree = "<group>"; };
		54CCD04616E379AC00B4F1D8 /* Default-568h@2x.png */ = {isa = PBXFileReference; lastKnownFileType = image.png; path = "Default-568h@2x.png"; sourceTree = "<group>"; };
		54CCD04716E379AC00B4F1D8 /* Default.png */ = {isa = PBXFileReference; lastKnownFileType = image.png; path = Default.png; sourceTree = "<group>"; };
		54CCD04816E379AC00B4F1D8 /* Default@2x.png */ = {isa = PBXFileReference; lastKnownFileType = image.png; path = "Default@2x.png"; sourceTree = "<group>"; };
		54CCD04916E379AC00B4F1D8 /* dial-knob-bkg.png */ = {isa = PBXFileReference; lastKnownFileType = image.png; path = "dial-knob-bkg.png"; sourceTree = "<group>"; };
		54CCD04A16E379AC00B4F1D8 /* dial-knob-bkg@2x.png */ = {isa = PBXFileReference; lastKnownFileType = image.png; path = "dial-knob-bkg@2x.png"; sourceTree = "<group>"; };
		54CCD04B16E379AC00B4F1D8 /* dial-knob-closed.png */ = {isa = PBXFileReference; lastKnownFileType = image.png; path = "dial-knob-closed.png"; sourceTree = "<group>"; };
		54CCD04C16E379AC00B4F1D8 /* dial-knob-closed@2x.png */ = {isa = PBXFileReference; lastKnownFileType = image.png; path = "dial-knob-closed@2x.png"; sourceTree = "<group>"; };
		54CCD04D16E379AC00B4F1D8 /* dial-knob-rotator.png */ = {isa = PBXFileReference; lastKnownFileType = image.png; path = "dial-knob-rotator.png"; sourceTree = "<group>"; };
		54CCD04E16E379AC00B4F1D8 /* dial-knob-rotator@2x.png */ = {isa = PBXFileReference; lastKnownFileType = image.png; path = "dial-knob-rotator@2x.png"; sourceTree = "<group>"; };
		54CCD04F16E379AC00B4F1D8 /* dial-knob-shadow.png */ = {isa = PBXFileReference; lastKnownFileType = image.png; path = "dial-knob-shadow.png"; sourceTree = "<group>"; };
		54CCD05016E379AC00B4F1D8 /* dial-knob-shadow@2x.png */ = {isa = PBXFileReference; lastKnownFileType = image.png; path = "dial-knob-shadow@2x.png"; sourceTree = "<group>"; };
		54CCD05116E379AC00B4F1D8 /* dial-knob.png */ = {isa = PBXFileReference; lastKnownFileType = image.png; path = "dial-knob.png"; sourceTree = "<group>"; };
		54CCD05216E379AC00B4F1D8 /* dial-knob@2x copy.png */ = {isa = PBXFileReference; lastKnownFileType = image.png; path = "dial-knob@2x copy.png"; sourceTree = "<group>"; };
		54CCD05316E379AC00B4F1D8 /* dial-knob@2x.png */ = {isa = PBXFileReference; lastKnownFileType = image.png; path = "dial-knob@2x.png"; sourceTree = "<group>"; };
		54CCD05516E379AC00B4F1D8 /* Icon-72.png */ = {isa = PBXFileReference; lastKnownFileType = image.png; path = "Icon-72.png"; sourceTree = "<group>"; };
		54CCD05616E379AC00B4F1D8 /* Icon-Small-50.png */ = {isa = PBXFileReference; lastKnownFileType = image.png; path = "Icon-Small-50.png"; sourceTree = "<group>"; };
		54CCD05716E379AC00B4F1D8 /* Icon-Small.png */ = {isa = PBXFileReference; lastKnownFileType = image.png; path = "Icon-Small.png"; sourceTree = "<group>"; };
		54CCD05816E379AC00B4F1D8 /* Icon-Small@2x.png */ = {isa = PBXFileReference; lastKnownFileType = image.png; path = "Icon-Small@2x.png"; sourceTree = "<group>"; };
		54CCD05916E379AC00B4F1D8 /* Icon.png */ = {isa = PBXFileReference; lastKnownFileType = image.png; path = Icon.png; sourceTree = "<group>"; };
		54CCD05A16E379AC00B4F1D8 /* Icon@2x.png */ = {isa = PBXFileReference; lastKnownFileType = image.png; path = "Icon@2x.png"; sourceTree = "<group>"; };
		54CCD05B16E379AC00B4F1D8 /* power.png */ = {isa = PBXFileReference; lastKnownFileType = image.png; path = power.png; sourceTree = "<group>"; };
		54CCD05C16E379AC00B4F1D8 /* power@2x.png */ = {isa = PBXFileReference; lastKnownFileType = image.png; path = "power@2x.png"; sourceTree = "<group>"; };
		54DB982B1557E21A000119C7 /* NileFM.app */ = {isa = PBXFileReference; explicitFileType = wrapper.application; includeInIndex = 0; path = NileFM.app; sourceTree = BUILT_PRODUCTS_DIR; };
		54DB982F1557E21A000119C7 /* UIKit.framework */ = {isa = PBXFileReference; lastKnownFileType = wrapper.framework; name = UIKit.framework; path = System/Library/Frameworks/UIKit.framework; sourceTree = SDKROOT; };
		54DB98311557E21A000119C7 /* Foundation.framework */ = {isa = PBXFileReference; lastKnownFileType = wrapper.framework; name = Foundation.framework; path = System/Library/Frameworks/Foundation.framework; sourceTree = SDKROOT; };
		54DB98331557E21A000119C7 /* CoreGraphics.framework */ = {isa = PBXFileReference; lastKnownFileType = wrapper.framework; name = CoreGraphics.framework; path = System/Library/Frameworks/CoreGraphics.framework; sourceTree = SDKROOT; };
		54DB98371557E21B000119C7 /* NileFM-Info.plist */ = {isa = PBXFileReference; lastKnownFileType = text.plist; name = "NileFM-Info.plist"; path = "NileFM/NileFM-Info.plist"; sourceTree = "<group>"; };
		54DB983B1557E21B000119C7 /* main.m */ = {isa = PBXFileReference; lastKnownFileType = sourcecode.c.objc; name = main.m; path = NileFM/main.m; sourceTree = SOURCE_ROOT; };
		54DB983D1557E21B000119C7 /* NileFM-Prefix.pch */ = {isa = PBXFileReference; lastKnownFileType = sourcecode.c.h; name = "NileFM-Prefix.pch"; path = "NileFM/NileFM-Prefix.pch"; sourceTree = "<group>"; };
		54DB983F1557E21B000119C7 /* AppDelegate.m */ = {isa = PBXFileReference; lastKnownFileType = sourcecode.c.objc; path = AppDelegate.m; sourceTree = "<group>"; };
		54DB98421557E21B000119C7 /* MainViewController.m */ = {isa = PBXFileReference; lastKnownFileType = sourcecode.c.objc; path = MainViewController.m; sourceTree = "<group>"; };
		54DB984C1557E258000119C7 /* MediaPlayer.framework */ = {isa = PBXFileReference; lastKnownFileType = wrapper.framework; name = MediaPlayer.framework; path = System/Library/Frameworks/MediaPlayer.framework; sourceTree = SDKROOT; };
		54DB984E1557E9FE000119C7 /* AVFoundation.framework */ = {isa = PBXFileReference; lastKnownFileType = wrapper.framework; name = AVFoundation.framework; path = System/Library/Frameworks/AVFoundation.framework; sourceTree = SDKROOT; };
/* End PBXFileReference section */

/* Begin PBXFrameworksBuildPhase section */
		54DB98281557E21A000119C7 /* Frameworks */ = {
			isa = PBXFrameworksBuildPhase;
			buildActionMask = 2147483647;
			files = (
				54CCD02A16E362E700B4F1D8 /* SystemConfiguration.framework in Frameworks */,
				54CCD02816E362C700B4F1D8 /* Accelerate.framework in Frameworks */,
				54A9001D163DB71200B9CDA8 /* CoreImage.framework in Frameworks */,
				545DACCD16021B420066EFBB /* QuartzCore.framework in Frameworks */,
				54DB98301557E21A000119C7 /* UIKit.framework in Frameworks */,
				545DACCB16021B360066EFBB /* GLKit.framework in Frameworks */,
				545DACC916021B2D0066EFBB /* OpenGLES.framework in Frameworks */,
				54DB984F1557E9FE000119C7 /* AVFoundation.framework in Frameworks */,
				54DB984D1557E258000119C7 /* MediaPlayer.framework in Frameworks */,
				54DB98321557E21A000119C7 /* Foundation.framework in Frameworks */,
				54DB98341557E21A000119C7 /* CoreGraphics.framework in Frameworks */,
			);
			runOnlyForDeploymentPostprocessing = 0;
		};
/* End PBXFrameworksBuildPhase section */

/* Begin PBXGroup section */
		54CCD03016E379A200B4F1D8 /* Vendor */ = {
			isa = PBXGroup;
			children = (
				54CCD03116E379A200B4F1D8 /* MHRotaryKnob */,
				54CCD03416E379A200B4F1D8 /* OLGhostAlertView */,
				54CCD03716E379A200B4F1D8 /* Reachability */,
				54CCD03A16E379A200B4F1D8 /* RNBlurModalView */,
			);
			path = Vendor;
			sourceTree = "<group>";
		};
		54CCD03116E379A200B4F1D8 /* MHRotaryKnob */ = {
			isa = PBXGroup;
			children = (
				54CCD03216E379A200B4F1D8 /* MHRotaryKnob.h */,
				54CCD03316E379A200B4F1D8 /* MHRotaryKnob.m */,
			);
			path = MHRotaryKnob;
			sourceTree = "<group>";
		};
		54CCD03416E379A200B4F1D8 /* OLGhostAlertView */ = {
			isa = PBXGroup;
			children = (
				54CCD03516E379A200B4F1D8 /* OLGhostAlertView.h */,
				54CCD03616E379A200B4F1D8 /* OLGhostAlertView.m */,
			);
			path = OLGhostAlertView;
			sourceTree = "<group>";
		};
		54CCD03716E379A200B4F1D8 /* Reachability */ = {
			isa = PBXGroup;
			children = (
				54CCD03816E379A200B4F1D8 /* Reachability.h */,
				54CCD03916E379A200B4F1D8 /* Reachability.m */,
			);
			path = Reachability;
			sourceTree = "<group>";
		};
		54CCD03A16E379A200B4F1D8 /* RNBlurModalView */ = {
			isa = PBXGroup;
			children = (
				54CCD03B16E379A200B4F1D8 /* RNBlurModalView.h */,
				54CCD03C16E379A200B4F1D8 /* RNBlurModalView.m */,
			);
			path = RNBlurModalView;
			sourceTree = "<group>";
		};
		54CCD04116E379AC00B4F1D8 /* Images */ = {
			isa = PBXGroup;
			children = (
				54CCD04216E379AC00B4F1D8 /* background-568.png */,
				54CCD04316E379AC00B4F1D8 /* background.png */,
				54CCD04416E379AC00B4F1D8 /* background@2x.png */,
				54CCD04516E379AC00B4F1D8 /* Default Images */,
				54CCD04916E379AC00B4F1D8 /* dial-knob-bkg.png */,
				54CCD04A16E379AC00B4F1D8 /* dial-knob-bkg@2x.png */,
				54CCD04B16E379AC00B4F1D8 /* dial-knob-closed.png */,
				54CCD04C16E379AC00B4F1D8 /* dial-knob-closed@2x.png */,
				54CCD04D16E379AC00B4F1D8 /* dial-knob-rotator.png */,
				54CCD04E16E379AC00B4F1D8 /* dial-knob-rotator@2x.png */,
				54CCD04F16E379AC00B4F1D8 /* dial-knob-shadow.png */,
				54CCD05016E379AC00B4F1D8 /* dial-knob-shadow@2x.png */,
				54CCD05116E379AC00B4F1D8 /* dial-knob.png */,
				54CCD05216E379AC00B4F1D8 /* dial-knob@2x copy.png */,
				54CCD05316E379AC00B4F1D8 /* dial-knob@2x.png */,
				54CCD05416E379AC00B4F1D8 /* Icons */,
				54CCD05B16E379AC00B4F1D8 /* power.png */,
				54CCD05C16E379AC00B4F1D8 /* power@2x.png */,
			);
			path = Images;
			sourceTree = "<group>";
		};
		54CCD04516E379AC00B4F1D8 /* Default Images */ = {
			isa = PBXGroup;
			children = (
				54CCD04616E379AC00B4F1D8 /* Default-568h@2x.png */,
				54CCD04716E379AC00B4F1D8 /* Default.png */,
				54CCD04816E379AC00B4F1D8 /* Default@2x.png */,
			);
			path = "Default Images";
			sourceTree = "<group>";
		};
		54CCD05416E379AC00B4F1D8 /* Icons */ = {
			isa = PBXGroup;
			children = (
				54CCD05516E379AC00B4F1D8 /* Icon-72.png */,
				54CCD05616E379AC00B4F1D8 /* Icon-Small-50.png */,
				54CCD05716E379AC00B4F1D8 /* Icon-Small.png */,
				54CCD05816E379AC00B4F1D8 /* Icon-Small@2x.png */,
				54CCD05916E379AC00B4F1D8 /* Icon.png */,
				54CCD05A16E379AC00B4F1D8 /* Icon@2x.png */,
			);
			path = Icons;
			sourceTree = "<group>";
		};
		54DB98201557E21A000119C7 = {
			isa = PBXGroup;
			children = (
				54DB98351557E21A000119C7 /* NileFM */,
				54DB982E1557E21A000119C7 /* Frameworks */,
				54DB982C1557E21A000119C7 /* Products */,
			);
			sourceTree = "<group>";
		};
		54DB982C1557E21A000119C7 /* Products */ = {
			isa = PBXGroup;
			children = (
				54DB982B1557E21A000119C7 /* NileFM.app */,
			);
			name = Products;
			sourceTree = "<group>";
		};
		54DB982E1557E21A000119C7 /* Frameworks */ = {
			isa = PBXGroup;
			children = (
				54CCD02716E362C700B4F1D8 /* Accelerate.framework */,
				54DB984E1557E9FE000119C7 /* AVFoundation.framework */,
				54DB98331557E21A000119C7 /* CoreGraphics.framework */,
				54A9001C163DB71100B9CDA8 /* CoreImage.framework */,
				54DB98311557E21A000119C7 /* Foundation.framework */,
				545DACCA16021B360066EFBB /* GLKit.framework */,
				54DB984C1557E258000119C7 /* MediaPlayer.framework */,
				545DACC816021B2D0066EFBB /* OpenGLES.framework */,
				545DACCC16021B420066EFBB /* QuartzCore.framework */,
				54CCD02916E362E700B4F1D8 /* SystemConfiguration.framework */,
				54DB982F1557E21A000119C7 /* UIKit.framework */,
			);
			name = Frameworks;
			sourceTree = "<group>";
		};
		54DB98351557E21A000119C7 /* NileFM */ = {
			isa = PBXGroup;
			children = (
				54CCD02B16E3793C00B4F1D8 /* AppDelegate.h */,
				54DB983F1557E21B000119C7 /* AppDelegate.m */,
				54CCD02C16E3798A00B4F1D8 /* MainViewController.h */,
				54DB98421557E21B000119C7 /* MainViewController.m */,
				54CCD02D16E3799000B4F1D8 /* MainViewController.xib */,
				54CCD03016E379A200B4F1D8 /* Vendor */,
				54CCD04116E379AC00B4F1D8 /* Images */,
				54DB98361557E21A000119C7 /* Supporting Files */,
			);
			path = NileFM;
			sourceTree = "<group>";
		};
		54DB98361557E21A000119C7 /* Supporting Files */ = {
			isa = PBXGroup;
			children = (
				54DB98371557E21B000119C7 /* NileFM-Info.plist */,
				54DB983B1557E21B000119C7 /* main.m */,
				54DB983D1557E21B000119C7 /* NileFM-Prefix.pch */,
			);
			name = "Supporting Files";
			sourceTree = "<group>";
		};
/* End PBXGroup section */

/* Begin PBXNativeTarget section */
		54DB982A1557E21A000119C7 /* NileFM */ = {
			isa = PBXNativeTarget;
			buildConfigurationList = 54DB98491557E21B000119C7 /* Build configuration list for PBXNativeTarget "NileFM" */;
			buildPhases = (
				54DB98271557E21A000119C7 /* Sources */,
				54DB98281557E21A000119C7 /* Frameworks */,
				54DB98291557E21A000119C7 /* Resources */,
			);
			buildRules = (
			);
			dependencies = (
			);
			name = NileFM;
			productName = NileFM;
			productReference = 54DB982B1557E21A000119C7 /* NileFM.app */;
			productType = "com.apple.product-type.application";
		};
/* End PBXNativeTarget section */

/* Begin PBXProject section */
		54DB98221557E21A000119C7 /* Project object */ = {
			isa = PBXProject;
			attributes = {
				LastUpgradeCheck = 0420;
				ORGANIZATIONNAME = Sarmady;
			};
			buildConfigurationList = 54DB98251557E21A000119C7 /* Build configuration list for PBXProject "NileFM" */;
			compatibilityVersion = "Xcode 3.2";
			developmentRegion = English;
			hasScannedForEncodings = 0;
			knownRegions = (
				en,
			);
			mainGroup = 54DB98201557E21A000119C7;
			productRefGroup = 54DB982C1557E21A000119C7 /* Products */;
			projectDirPath = "";
			projectRoot = "";
			targets = (
				54DB982A1557E21A000119C7 /* NileFM */,
			);
		};
/* End PBXProject section */

/* Begin PBXResourcesBuildPhase section */
		54DB98291557E21A000119C7 /* Resources */ = {
			isa = PBXResourcesBuildPhase;
			buildActionMask = 2147483647;
			files = (
				54CCD02F16E3799000B4F1D8 /* MainViewController.xib in Resources */,
				54CCD05D16E379AC00B4F1D8 /* background-568.png in Resources */,
				54CCD05E16E379AC00B4F1D8 /* background.png in Resources */,
				54CCD05F16E379AC00B4F1D8 /* background@2x.png in Resources */,
				54CCD06016E379AC00B4F1D8 /* Default-568h@2x.png in Resources */,
				54CCD06116E379AC00B4F1D8 /* Default.png in Resources */,
				54CCD06216E379AC00B4F1D8 /* Default@2x.png in Resources */,
				54CCD06316E379AC00B4F1D8 /* dial-knob-bkg.png in Resources */,
				54CCD06416E379AC00B4F1D8 /* dial-knob-bkg@2x.png in Resources */,
				54CCD06516E379AC00B4F1D8 /* dial-knob-closed.png in Resources */,
				54CCD06616E379AC00B4F1D8 /* dial-knob-closed@2x.png in Resources */,
				54CCD06716E379AC00B4F1D8 /* dial-knob-rotator.png in Resources */,
				54CCD06816E379AC00B4F1D8 /* dial-knob-rotator@2x.png in Resources */,
				54CCD06916E379AC00B4F1D8 /* dial-knob-shadow.png in Resources */,
				54CCD06A16E379AC00B4F1D8 /* dial-knob-shadow@2x.png in Resources */,
				54CCD06B16E379AC00B4F1D8 /* dial-knob.png in Resources */,
				54CCD06C16E379AC00B4F1D8 /* dial-knob@2x copy.png in Resources */,
				54CCD06D16E379AC00B4F1D8 /* dial-knob@2x.png in Resources */,
				54CCD06E16E379AC00B4F1D8 /* Icon-72.png in Resources */,
				54CCD06F16E379AC00B4F1D8 /* Icon-Small-50.png in Resources */,
				54CCD07016E379AC00B4F1D8 /* Icon-Small.png in Resources */,
				54CCD07116E379AC00B4F1D8 /* Icon-Small@2x.png in Resources */,
				54CCD07216E379AC00B4F1D8 /* Icon.png in Resources */,
				54CCD07316E379AC00B4F1D8 /* Icon@2x.png in Resources */,
				54CCD07416E379AC00B4F1D8 /* power.png in Resources */,
				54CCD07516E379AC00B4F1D8 /* power@2x.png in Resources */,
			);
			runOnlyForDeploymentPostprocessing = 0;
		};
/* End PBXResourcesBuildPhase section */

/* Begin PBXSourcesBuildPhase section */
		54DB98271557E21A000119C7 /* Sources */ = {
			isa = PBXSourcesBuildPhase;
			buildActionMask = 2147483647;
			files = (
				54DB983C1557E21B000119C7 /* main.m in Sources */,
				54DB98401557E21B000119C7 /* AppDelegate.m in Sources */,
				54DB98431557E21B000119C7 /* MainViewController.m in Sources */,
				54CCD03D16E379A200B4F1D8 /* MHRotaryKnob.m in Sources */,
				54CCD03E16E379A200B4F1D8 /* OLGhostAlertView.m in Sources */,
				54CCD03F16E379A200B4F1D8 /* Reachability.m in Sources */,
				54CCD04016E379A200B4F1D8 /* RNBlurModalView.m in Sources */,
			);
			runOnlyForDeploymentPostprocessing = 0;
		};
/* End PBXSourcesBuildPhase section */

/* Begin PBXVariantGroup section */
		54CCD02D16E3799000B4F1D8 /* MainViewController.xib */ = {
			isa = PBXVariantGroup;
			children = (
				54CCD02E16E3799000B4F1D8 /* en */,
			);
			name = MainViewController.xib;
			sourceTree = "<group>";
		};
/* End PBXVariantGroup section */

/* Begin XCBuildConfiguration section */
		54DB98471557E21B000119C7 /* Debug */ = {
			isa = XCBuildConfiguration;
			buildSettings = {
				ALWAYS_SEARCH_USER_PATHS = NO;
				ARCHS = "$(ARCHS_STANDARD_32_BIT)";
				"CODE_SIGN_IDENTITY[sdk=iphoneos*]" = "iPhone Developer";
				COPY_PHASE_STRIP = NO;
				GCC_C_LANGUAGE_STANDARD = gnu99;
				GCC_DYNAMIC_NO_PIC = NO;
				GCC_OPTIMIZATION_LEVEL = 0;
				GCC_PREPROCESSOR_DEFINITIONS = (
					"DEBUG=1",
					"$(inherited)",
				);
				GCC_SYMBOLS_PRIVATE_EXTERN = NO;
				GCC_VERSION = com.apple.compilers.llvm.clang.1_0;
				GCC_WARN_ABOUT_MISSING_PROTOTYPES = YES;
				GCC_WARN_ABOUT_RETURN_TYPE = YES;
				GCC_WARN_UNUSED_VARIABLE = YES;
				IPHONEOS_DEPLOYMENT_TARGET = 5.0;
				SDKROOT = iphoneos;
			};
			name = Debug;
		};
		54DB98481557E21B000119C7 /* Release */ = {
			isa = XCBuildConfiguration;
			buildSettings = {
				ALWAYS_SEARCH_USER_PATHS = NO;
				ARCHS = "$(ARCHS_STANDARD_32_BIT)";
				"CODE_SIGN_IDENTITY[sdk=iphoneos*]" = "iPhone Developer";
				COPY_PHASE_STRIP = YES;
				GCC_C_LANGUAGE_STANDARD = gnu99;
				GCC_VERSION = com.apple.compilers.llvm.clang.1_0;
				GCC_WARN_ABOUT_MISSING_PROTOTYPES = YES;
				GCC_WARN_ABOUT_RETURN_TYPE = YES;
				GCC_WARN_UNUSED_VARIABLE = YES;
				IPHONEOS_DEPLOYMENT_TARGET = 5.0;
				OTHER_CFLAGS = "-DNS_BLOCK_ASSERTIONS=1";
				SDKROOT = iphoneos;
				VALIDATE_PRODUCT = YES;
			};
			name = Release;
		};
		54DB984A1557E21B000119C7 /* Debug */ = {
			isa = XCBuildConfiguration;
			buildSettings = {
				CLANG_ENABLE_OBJC_ARC = YES;
				CODE_SIGN_IDENTITY = "iPhone Developer: Hesham Abd-Elmegid (E7H7CXZ5GP)";
				"CODE_SIGN_IDENTITY[sdk=iphoneos*]" = "iPhone Developer";
				FRAMEWORK_SEARCH_PATHS = "$(inherited)";
				GCC_PRECOMPILE_PREFIX_HEADER = YES;
				GCC_PREFIX_HEADER = "NileFM/NileFM-Prefix.pch";
				INFOPLIST_FILE = "NileFM/NileFM-Info.plist";
				IPHONEOS_DEPLOYMENT_TARGET = 5.0;
				LIBRARY_SEARCH_PATHS = "$(inherited)";
				PRODUCT_NAME = "$(TARGET_NAME)";
				PROVISIONING_PROFILE = "";
				"PROVISIONING_PROFILE[sdk=iphoneos*]" = "";
				WRAPPER_EXTENSION = app;
			};
			name = Debug;
		};
		54DB984B1557E21B000119C7 /* Release */ = {
			isa = XCBuildConfiguration;
			buildSettings = {
				CLANG_ENABLE_OBJC_ARC = YES;
				CODE_SIGN_IDENTITY = "iPhone Distribution: Hisham Ahmed";
				"CODE_SIGN_IDENTITY[sdk=iphoneos*]" = "iPhone Distribution: Hisham Ahmed";
				FRAMEWORK_SEARCH_PATHS = "$(inherited)";
				GCC_PRECOMPILE_PREFIX_HEADER = YES;
				GCC_PREFIX_HEADER = "NileFM/NileFM-Prefix.pch";
				INFOPLIST_FILE = "NileFM/NileFM-Info.plist";
				IPHONEOS_DEPLOYMENT_TARGET = 5.0;
				LIBRARY_SEARCH_PATHS = "$(inherited)";
				PRODUCT_NAME = "$(TARGET_NAME)";
				PROVISIONING_PROFILE = "4443DACE-FF4F-4706-80CA-0C1D4D8933EB";
				"PROVISIONING_PROFILE[sdk=iphoneos*]" = "4443DACE-FF4F-4706-80CA-0C1D4D8933EB";
				WRAPPER_EXTENSION = app;
			};
			name = Release;
		};
/* End XCBuildConfiguration section */

/* Begin XCConfigurationList section */
		54DB98251557E21A000119C7 /* Build configuration list for PBXProject "NileFM" */ = {
			isa = XCConfigurationList;
			buildConfigurations = (
				54DB98471557E21B000119C7 /* Debug */,
				54DB98481557E21B000119C7 /* Release */,
			);
			defaultConfigurationIsVisible = 0;
			defaultConfigurationName = Release;
		};
		54DB98491557E21B000119C7 /* Build configuration list for PBXNativeTarget "NileFM" */ = {
			isa = XCConfigurationList;
			buildConfigurations = (
				54DB984A1557E21B000119C7 /* Debug */,
				54DB984B1557E21B000119C7 /* Release */,
			);
			defaultConfigurationIsVisible = 0;
			defaultConfigurationName = Release;
		};
/* End XCConfigurationList section */
	};
	rootObject = 54DB98221557E21A000119C7 /* Project object */;
}
